{
  "name": "accurtype",
  "version": "2.0.1",
  "lockfileVersion": 2,
  "requires": true,
  "packages": {
    "": {
      "name": "accurtype",
      "version": "2.0.1",
      "license": "GPL-3.0-or-later",
      "dependencies": {
        "jexpt": "^1.1.1"
      }
    },
    "node_modules/jexpt": {
      "version": "1.1.1",
      "resolved": "https://registry.npmjs.org/jexpt/-/jexpt-1.1.1.tgz",
      "integrity": "sha512-598h8EW5lqrMuJUKs/vWLMlF+HZBQLObrxwTEQ6rZW0qg2TRw2mkVvuBB74VfzmwyHBgOGKSbBK2ZiJJmQHIaQ=="
    }
  },
  "dependencies": {
    "jexpt": {
      "version": "1.1.1",
      "resolved": "https://registry.npmjs.org/jexpt/-/jexpt-1.1.1.tgz",
      "integrity": "sha512-598h8EW5lqrMuJUKs/vWLMlF+HZBQLObrxwTEQ6rZW0qg2TRw2mkVvuBB74VfzmwyHBgOGKSbBK2ZiJJmQHIaQ=="
    }
  }
}
